// !$*UTF8*$!
{
	archiveVersion = 1;
	classes = {
	};
	objectVersion = 56;
	objects = {

/* Begin PBXBuildFile section */
		BECD681D2B4DF0CF00F8C126 /* LifeGoesOnApp.swift in Sources */ = {isa = PBXBuildFile; fileRef = BECD681C2B4DF0CF00F8C126 /* LifeGoesOnApp.swift */; };
		BECD681F2B4DF0CF00F8C126 /* ContentView.swift in Sources */ = {isa = PBXBuildFile; fileRef = BECD681E2B4DF0CF00F8C126 /* ContentView.swift */; };
		BECD68212B4DF0D200F8C126 /* Assets.xcassets in Resources */ = {isa = PBXBuildFile; fileRef = BECD68202B4DF0D200F8C126 /* Assets.xcassets */; };
		BECD68242B4DF0D200F8C126 /* Preview Assets.xcassets in Resources */ = {isa = PBXBuildFile; fileRef = BECD68232B4DF0D200F8C126 /* Preview Assets.xcassets */; };
		BECD682E2B4DF0D200F8C126 /* LifeGoesOnTests.swift in Sources */ = {isa = PBXBuildFile; fileRef = BECD682D2B4DF0D200F8C126 /* LifeGoesOnTests.swift */; };
		BECD68382B4DF0D200F8C126 /* LifeGoesOnUITests.swift in Sources */ = {isa = PBXBuildFile; fileRef = BECD68372B4DF0D200F8C126 /* LifeGoesOnUITests.swift */; };
		BECD683A2B4DF0D200F8C126 /* LifeGoesOnUITestsLaunchTests.swift in Sources */ = {isa = PBXBuildFile; fileRef = BECD68392B4DF0D200F8C126 /* LifeGoesOnUITestsLaunchTests.swift */; };
/* End PBXBuildFile section */

/* Begin PBXContainerItemProxy section */
		BECD682A2B4DF0D200F8C126 /* PBXContainerItemProxy */ = {
			isa = PBXContainerItemProxy;
			containerPortal = BECD68112B4DF0CF00F8C126 /* Project object */;
			proxyType = 1;
			remoteGlobalIDString = BECD68182B4DF0CF00F8C126;
			remoteInfo = LifeGoesOn;
		};
		BECD68342B4DF0D200F8C126 /* PBXContainerItemProxy */ = {
			isa = PBXContainerItemProxy;
			containerPortal = BECD68112B4DF0CF00F8C126 /* Project object */;
			proxyType = 1;
			remoteGlobalIDString = BECD68182B4DF0CF00F8C126;
			remoteInfo = LifeGoesOn;
		};
/* End PBXContainerItemProxy section */

/* Begin PBXFileReference section */
		BECD68192B4DF0CF00F8C126 /* LifeGoesOn.app */ = {isa = PBXFileReference; explicitFileType = wrapper.application; includeInIndex = 0; path = LifeGoesOn.app; sourceTree = BUILT_PRODUCTS_DIR; };
		BECD681C2B4DF0CF00F8C126 /* LifeGoesOnApp.swift */ = {isa = PBXFileReference; lastKnownFileType = sourcecode.swift; path = LifeGoesOnApp.swift; sourceTree = "<group>"; };
		BECD681E2B4DF0CF00F8C126 /* ContentView.swift */ = {isa = PBXFileReference; lastKnownFileType = sourcecode.swift; path = ContentView.swift; sourceTree = "<group>"; };
		BECD68202B4DF0D200F8C126 /* Assets.xcassets */ = {isa = PBXFileReference; lastKnownFileType = folder.assetcatalog; path = Assets.xcassets; sourceTree = "<group>"; };
		BECD68232B4DF0D200F8C126 /* Preview Assets.xcassets */ = {isa = PBXFileReference; lastKnownFileType = folder.assetcatalog; path = "Preview Assets.xcassets"; sourceTree = "<group>"; };
		BECD68292B4DF0D200F8C126 /* LifeGoesOnTests.xctest */ = {isa = PBXFileReference; explicitFileType = wrapper.cfbundle; includeInIndex = 0; path = LifeGoesOnTests.xctest; sourceTree = BUILT_PRODUCTS_DIR; };
		BECD682D2B4DF0D200F8C126 /* LifeGoesOnTests.swift */ = {isa = PBXFileReference; lastKnownFileType = sourcecode.swift; path = LifeGoesOnTests.swift; sourceTree = "<group>"; };
		BECD68332B4DF0D200F8C126 /* LifeGoesOnUITests.xctest */ = {isa = PBXFileReference; explicitFileType = wrapper.cfbundle; includeInIndex = 0; path = LifeGoesOnUITests.xctest; sourceTree = BUILT_PRODUCTS_DIR; };
		BECD68372B4DF0D200F8C126 /* LifeGoesOnUITests.swift */ = {isa = PBXFileReference; lastKnownFileType = sourcecode.swift; path = LifeGoesOnUITests.swift; sourceTree = "<group>"; };
		BECD68392B4DF0D200F8C126 /* LifeGoesOnUITestsLaunchTests.swift */ = {isa = PBXFileReference; lastKnownFileType = sourcecode.swift; path = LifeGoesOnUITestsLaunchTests.swift; sourceTree = "<group>"; };
/* End PBXFileReference section */

/* Begin PBXFrameworksBuildPhase section */
		BECD68162B4DF0CF00F8C126 /* Frameworks */ = {
			isa = PBXFrameworksBuildPhase;
			buildActionMask = 2147483647;
			files = (
			);
			runOnlyForDeploymentPostprocessing = 0;
		};
		BECD68262B4DF0D200F8C126 /* Frameworks */ = {
			isa = PBXFrameworksBuildPhase;
			buildActionMask = 2147483647;
			files = (
			);
			runOnlyForDeploymentPostprocessing = 0;
		};
		BECD68302B4DF0D200F8C126 /* Frameworks */ = {
			isa = PBXFrameworksBuildPhase;
			buildActionMask = 2147483647;
			files = (
			);
			runOnlyForDeploymentPostprocessing = 0;
		};
/* End PBXFrameworksBuildPhase section */

/* Begin PBXGroup section */
		BECD68102B4DF0CF00F8C126 = {
			isa = PBXGroup;
			children = (
				BECD681B2B4DF0CF00F8C126 /* LifeGoesOn */,
				BECD682C2B4DF0D200F8C126 /* LifeGoesOnTests */,
				BECD68362B4DF0D200F8C126 /* LifeGoesOnUITests */,
				BECD681A2B4DF0CF00F8C126 /* Products */,
			);
			sourceTree = "<group>";
		};
		BECD681A2B4DF0CF00F8C126 /* Products */ = {
			isa = PBXGroup;
			children = (
				BECD68192B4DF0CF00F8C126 /* LifeGoesOn.app */,
				BECD68292B4DF0D200F8C126 /* LifeGoesOnTests.xctest */,
				BECD68332B4DF0D200F8C126 /* LifeGoesOnUITests.xctest */,
			);
			name = Products;
			sourceTree = "<group>";
		};
		BECD681B2B4DF0CF00F8C126 /* LifeGoesOn */ = {
			isa = PBXGroup;
			children = (
				BECD681C2B4DF0CF00F8C126 /* LifeGoesOnApp.swift */,
				BECD681E2B4DF0CF00F8C126 /* ContentView.swift */,
				BECD68202B4DF0D200F8C126 /* Assets.xcassets */,
				BECD68222B4DF0D200F8C126 /* Preview Content */,
			);
			path = LifeGoesOn;
			sourceTree = "<group>";
		};
		BECD68222B4DF0D200F8C126 /* Preview Content */ = {
			isa = PBXGroup;
			children = (
				BECD68232B4DF0D200F8C126 /* Preview Assets.xcassets */,
			);
			path = "Preview Content";
			sourceTree = "<group>";
		};
		BECD682C2B4DF0D200F8C126 /* LifeGoesOnTests */ = {
			isa = PBXGroup;
			children = (
				BECD682D2B4DF0D200F8C126 /* LifeGoesOnTests.swift */,
			);
			path = LifeGoesOnTests;
			sourceTree = "<group>";
		};
		BECD68362B4DF0D200F8C126 /* LifeGoesOnUITests */ = {
			isa = PBXGroup;
			children = (
				BECD68372B4DF0D200F8C126 /* LifeGoesOnUITests.swift */,
				BECD68392B4DF0D200F8C126 /* LifeGoesOnUITestsLaunchTests.swift */,
			);
			path = LifeGoesOnUITests;
			sourceTree = "<group>";
		};
/* End PBXGroup section */

/* Begin PBXNativeTarget section */
		BECD68182B4DF0CF00F8C126 /* LifeGoesOn */ = {
			isa = PBXNativeTarget;
			buildConfigurationList = BECD683D2B4DF0D200F8C126 /* Build configuration list for PBXNativeTarget "LifeGoesOn" */;
			buildPhases = (
				BECD68152B4DF0CF00F8C126 /* Sources */,
				BECD68162B4DF0CF00F8C126 /* Frameworks */,
				BECD68172B4DF0CF00F8C126 /* Resources */,
			);
			buildRules = (
			);
			dependencies = (
			);
			name = LifeGoesOn;
			productName = LifeGoesOn;
			productReference = BECD68192B4DF0CF00F8C126 /* LifeGoesOn.app */;
			productType = "com.apple.product-type.application";
		};
		BECD68282B4DF0D200F8C126 /* LifeGoesOnTests */ = {
			isa = PBXNativeTarget;
			buildConfigurationList = BECD68402B4DF0D200F8C126 /* Build configuration list for PBXNativeTarget "LifeGoesOnTests" */;
			buildPhases = (
				BECD68252B4DF0D200F8C126 /* Sources */,
				BECD68262B4DF0D200F8C126 /* Frameworks */,
				BECD68272B4DF0D200F8C126 /* Resources */,
			);
			buildRules = (
			);
			dependencies = (
				BECD682B2B4DF0D200F8C126 /* PBXTargetDependency */,
			);
			name = LifeGoesOnTests;
			productName = LifeGoesOnTests;
			productReference = BECD68292B4DF0D200F8C126 /* LifeGoesOnTests.xctest */;
			productType = "com.apple.product-type.bundle.unit-test";
		};
		BECD68322B4DF0D200F8C126 /* LifeGoesOnUITests */ = {
			isa = PBXNativeTarget;
			buildConfigurationList = BECD68432B4DF0D200F8C126 /* Build configuration list for PBXNativeTarget "LifeGoesOnUITests" */;
			buildPhases = (
				BECD682F2B4DF0D200F8C126 /* Sources */,
				BECD68302B4DF0D200F8C126 /* Frameworks */,
				BECD68312B4DF0D200F8C126 /* Resources */,
			);
			buildRules = (
			);
			dependencies = (
				BECD68352B4DF0D200F8C126 /* PBXTargetDependency */,
			);
			name = LifeGoesOnUITests;
			productName = LifeGoesOnUITests;
			productReference = BECD68332B4DF0D200F8C126 /* LifeGoesOnUITests.xctest */;
			productType = "com.apple.product-type.bundle.ui-testing";
		};
/* End PBXNativeTarget section */

/* Begin PBXProject section */
		BECD68112B4DF0CF00F8C126 /* Project object */ = {
			isa = PBXProject;
			attributes = {
				BuildIndependentTargetsInParallel = 1;
				LastSwiftUpdateCheck = 1520;
				LastUpgradeCheck = 1520;
				TargetAttributes = {
					BECD68182B4DF0CF00F8C126 = {
						CreatedOnToolsVersion = 15.2;
					};
					BECD68282B4DF0D200F8C126 = {
						CreatedOnToolsVersion = 15.2;
						TestTargetID = BECD68182B4DF0CF00F8C126;
					};
					BECD68322B4DF0D200F8C126 = {
						CreatedOnToolsVersion = 15.2;
						TestTargetID = BECD68182B4DF0CF00F8C126;
					};
				};
			};
			buildConfigurationList = BECD68142B4DF0CF00F8C126 /* Build configuration list for PBXProject "LifeGoesOn" */;
			compatibilityVersion = "Xcode 14.0";
			developmentRegion = en;
			hasScannedForEncodings = 0;
			knownRegions = (
				en,
				Base,
			);
			mainGroup = BECD68102B4DF0CF00F8C126;
			productRefGroup = BECD681A2B4DF0CF00F8C126 /* Products */;
			projectDirPath = "";
			projectRoot = "";
			targets = (
				BECD68182B4DF0CF00F8C126 /* LifeGoesOn */,
				BECD68282B4DF0D200F8C126 /* LifeGoesOnTests */,
				BECD68322B4DF0D200F8C126 /* LifeGoesOnUITests */,
			);
		};
/* End PBXProject section */

/* Begin PBXResourcesBuildPhase section */
		BECD68172B4DF0CF00F8C126 /* Resources */ = {
			isa = PBXResourcesBuildPhase;
			buildActionMask = 2147483647;
			files = (
				BECD68242B4DF0D200F8C126 /* Preview Assets.xcassets in Resources */,
				BECD68212B4DF0D200F8C126 /* Assets.xcassets in Resources */,
			);
			runOnlyForDeploymentPostprocessing = 0;
		};
		BECD68272B4DF0D200F8C126 /* Resources */ = {
			isa = PBXResourcesBuildPhase;
			buildActionMask = 2147483647;
			files = (
			);
			runOnlyForDeploymentPostprocessing = 0;
		};
		BECD68312B4DF0D200F8C126 /* Resources */ = {
			isa = PBXResourcesBuildPhase;
			buildActionMask = 2147483647;
			files = (
			);
			runOnlyForDeploymentPostprocessing = 0;
		};
/* End PBXResourcesBuildPhase section */

/* Begin PBXSourcesBuildPhase section */
		BECD68152B4DF0CF00F8C126 /* Sources */ = {
			isa = PBXSourcesBuildPhase;
			buildActionMask = 2147483647;
			files = (
				BECD681F2B4DF0CF00F8C126 /* ContentView.swift in Sources */,
				BECD681D2B4DF0CF00F8C126 /* LifeGoesOnApp.swift in Sources */,
			);
			runOnlyForDeploymentPostprocessing = 0;
		};
		BECD68252B4DF0D200F8C126 /* Sources */ = {
			isa = PBXSourcesBuildPhase;
			buildActionMask = 2147483647;
			files = (
				BECD682E2B4DF0D200F8C126 /* LifeGoesOnTests.swift in Sources */,
			);
			runOnlyForDeploymentPostprocessing = 0;
		};
		BECD682F2B4DF0D200F8C126 /* Sources */ = {
			isa = PBXSourcesBuildPhase;
			buildActionMask = 2147483647;
			files = (
				BECD68382B4DF0D200F8C126 /* LifeGoesOnUITests.swift in Sources */,
				BECD683A2B4DF0D200F8C126 /* LifeGoesOnUITestsLaunchTests.swift in Sources */,
			);
			runOnlyForDeploymentPostprocessing = 0;
		};
/* End PBXSourcesBuildPhase section */

/* Begin PBXTargetDependency section */
		BECD682B2B4DF0D200F8C126 /* PBXTargetDependency */ = {
			isa = PBXTargetDependency;
			target = BECD68182B4DF0CF00F8C126 /* LifeGoesOn */;
			targetProxy = BECD682A2B4DF0D200F8C126 /* PBXContainerItemProxy */;
		};
		BECD68352B4DF0D200F8C126 /* PBXTargetDependency */ = {
			isa = PBXTargetDependency;
			target = BECD68182B4DF0CF00F8C126 /* LifeGoesOn */;
			targetProxy = BECD68342B4DF0D200F8C126 /* PBXContainerItemProxy */;
		};
/* End PBXTargetDependency section */

/* Begin XCBuildConfiguration section */
		BECD683B2B4DF0D200F8C126 /* Debug */ = {
			isa = XCBuildConfiguration;
			buildSettings = {
				ALWAYS_SEARCH_USER_PATHS = NO;
				ASSETCATALOG_COMPILER_GENERATE_SWIFT_ASSET_SYMBOL_EXTENSIONS = YES;
				CLANG_ANALYZER_NONNULL = YES;
				CLANG_ANALYZER_NUMBER_OBJECT_CONVERSION = YES_AGGRESSIVE;
				CLANG_CXX_LANGUAGE_STANDARD = "gnu++20";
				CLANG_ENABLE_MODULES = YES;
				CLANG_ENABLE_OBJC_ARC = YES;
				CLANG_ENABLE_OBJC_WEAK = YES;
				CLANG_WARN_BLOCK_CAPTURE_AUTORELEASING = YES;
				CLANG_WARN_BOOL_CONVERSION = YES;
				CLANG_WARN_COMMA = YES;
				CLANG_WARN_CONSTANT_CONVERSION = YES;
				CLANG_WARN_DEPRECATED_OBJC_IMPLEMENTATIONS = YES;
				CLANG_WARN_DIRECT_OBJC_ISA_USAGE = YES_ERROR;
				CLANG_WARN_DOCUMENTATION_COMMENTS = YES;
				CLANG_WARN_EMPTY_BODY = YES;
				CLANG_WARN_ENUM_CONVERSION = YES;
				CLANG_WARN_INFINITE_RECURSION = YES;
				CLANG_WARN_INT_CONVERSION = YES;
				CLANG_WARN_NON_LITERAL_NULL_CONVERSION = YES;
				CLANG_WARN_OBJC_IMPLICIT_RETAIN_SELF = YES;
				CLANG_WARN_OBJC_LITERAL_CONVERSION = YES;
				CLANG_WARN_OBJC_ROOT_CLASS = YES_ERROR;
				CLANG_WARN_QUOTED_INCLUDE_IN_FRAMEWORK_HEADER = YES;
				CLANG_WARN_RANGE_LOOP_ANALYSIS = YES;
				CLANG_WARN_STRICT_PROTOTYPES = YES;
				CLANG_WARN_SUSPICIOUS_MOVE = YES;
				CLANG_WARN_UNGUARDED_AVAILABILITY = YES_AGGRESSIVE;
				CLANG_WARN_UNREACHABLE_CODE = YES;
				CLANG_WARN__DUPLICATE_METHOD_MATCH = YES;
				COPY_PHASE_STRIP = NO;
				DEBUG_INFORMATION_FORMAT = dwarf;
				ENABLE_STRICT_OBJC_MSGSEND = YES;
				ENABLE_TESTABILITY = YES;
				ENABLE_USER_SCRIPT_SANDBOXING = YES;
				GCC_C_LANGUAGE_STANDARD = gnu17;
				GCC_DYNAMIC_NO_PIC = NO;
				GCC_NO_COMMON_BLOCKS = YES;
				GCC_OPTIMIZATION_LEVEL = 0;
				GCC_PREPROCESSOR_DEFINITIONS = (
					"DEBUG=1",
					"$(inherited)",
				);
				GCC_WARN_64_TO_32_BIT_CONVERSION = YES;
				GCC_WARN_ABOUT_RETURN_TYPE = YES_ERROR;
				GCC_WARN_UNDECLARED_SELECTOR = YES;
				GCC_WARN_UNINITIALIZED_AUTOS = YES_AGGRESSIVE;
				GCC_WARN_UNUSED_FUNCTION = YES;
				GCC_WARN_UNUSED_VARIABLE = YES;
				IPHONEOS_DEPLOYMENT_TARGET = 17.2;
				LOCALIZATION_PREFERS_STRING_CATALOGS = YES;
				MTL_ENABLE_DEBUG_INFO = INCLUDE_SOURCE;
				MTL_FAST_MATH = YES;
				ONLY_ACTIVE_ARCH = YES;
				SDKROOT = iphoneos;
				SWIFT_ACTIVE_COMPILATION_CONDITIONS = "DEBUG $(inherited)";
				SWIFT_OPTIMIZATION_LEVEL = "-Onone";
			};
			name = Debug;
		};
		BECD683C2B4DF0D200F8C126 /* Release */ = {
			isa = XCBuildConfiguration;
			buildSettings = {
				ALWAYS_SEARCH_USER_PATHS = NO;
				ASSETCATALOG_COMPILER_GENERATE_SWIFT_ASSET_SYMBOL_EXTENSIONS = YES;
				CLANG_ANALYZER_NONNULL = YES;
				CLANG_ANALYZER_NUMBER_OBJECT_CONVERSION = YES_AGGRESSIVE;
				CLANG_CXX_LANGUAGE_STANDARD = "gnu++20";
				CLANG_ENABLE_MODULES = YES;
				CLANG_ENABLE_OBJC_ARC = YES;
				CLANG_ENABLE_OBJC_WEAK = YES;
				CLANG_WARN_BLOCK_CAPTURE_AUTORELEASING = YES;
				CLANG_WARN_BOOL_CONVERSION = YES;
				CLANG_WARN_COMMA = YES;
				CLANG_WARN_CONSTANT_CONVERSION = YES;
				CLANG_WARN_DEPRECATED_OBJC_IMPLEMENTATIONS = YES;
				CLANG_WARN_DIRECT_OBJC_ISA_USAGE = YES_ERROR;
				CLANG_WARN_DOCUMENTATION_COMMENTS = YES;
				CLANG_WARN_EMPTY_BODY = YES;
				CLANG_WARN_ENUM_CONVERSION = YES;
				CLANG_WARN_INFINITE_RECURSION = YES;
				CLANG_WARN_INT_CONVERSION = YES;
				CLANG_WARN_NON_LITERAL_NULL_CONVERSION = YES;
				CLANG_WARN_OBJC_IMPLICIT_RETAIN_SELF = YES;
				CLANG_WARN_OBJC_LITERAL_CONVERSION = YES;
				CLANG_WARN_OBJC_ROOT_CLASS = YES_ERROR;
				CLANG_WARN_QUOTED_INCLUDE_IN_FRAMEWORK_HEADER = YES;
				CLANG_WARN_RANGE_LOOP_ANALYSIS = YES;
				CLANG_WARN_STRICT_PROTOTYPES = YES;
				CLANG_WARN_SUSPICIOUS_MOVE = YES;
				CLANG_WARN_UNGUARDED_AVAILABILITY = YES_AGGRESSIVE;
				CLANG_WARN_UNREACHABLE_CODE = YES;
				CLANG_WARN__DUPLICATE_METHOD_MATCH = YES;
				COPY_PHASE_STRIP = NO;
				DEBUG_INFORMATION_FORMAT = "dwarf-with-dsym";
				ENABLE_NS_ASSERTIONS = NO;
				ENABLE_STRICT_OBJC_MSGSEND = YES;
				ENABLE_USER_SCRIPT_SANDBOXING = YES;
				GCC_C_LANGUAGE_STANDARD = gnu17;
				GCC_NO_COMMON_BLOCKS = YES;
				GCC_WARN_64_TO_32_BIT_CONVERSION = YES;
				GCC_WARN_ABOUT_RETURN_TYPE = YES_ERROR;
				GCC_WARN_UNDECLARED_SELECTOR = YES;
				GCC_WARN_UNINITIALIZED_AUTOS = YES_AGGRESSIVE;
				GCC_WARN_UNUSED_FUNCTION = YES;
				GCC_WARN_UNUSED_VARIABLE = YES;
				IPHONEOS_DEPLOYMENT_TARGET = 17.2;
				LOCALIZATION_PREFERS_STRING_CATALOGS = YES;
				MTL_ENABLE_DEBUG_INFO = NO;
				MTL_FAST_MATH = YES;
				SDKROOT = iphoneos;
				SWIFT_COMPILATION_MODE = wholemodule;
				VALIDATE_PRODUCT = YES;
			};
			name = Release;
		};
		BECD683E2B4DF0D200F8C126 /* Debug */ = {
			isa = XCBuildConfiguration;
			buildSettings = {
				ASSETCATALOG_COMPILER_APPICON_NAME = AppIcon;
				ASSETCATALOG_COMPILER_GLOBAL_ACCENT_COLOR_NAME = AccentColor;
				CODE_SIGN_STYLE = Automatic;
				CURRENT_PROJECT_VERSION = 1;
				DEVELOPMENT_ASSET_PATHS = "\"LifeGoesOn/Preview Content\"";
				DEVELOPMENT_TEAM = D6LZWF2S6D;
				ENABLE_PREVIEWS = YES;
				GENERATE_INFOPLIST_FILE = YES;
				INFOPLIST_KEY_UIApplicationSceneManifest_Generation = YES;
				INFOPLIST_KEY_UIApplicationSupportsIndirectInputEvents = YES;
				INFOPLIST_KEY_UILaunchScreen_Generation = YES;
				INFOPLIST_KEY_UISupportedInterfaceOrientations_iPad = "UIInterfaceOrientationPortrait UIInterfaceOrientationPortraitUpsideDown UIInterfaceOrientationLandscapeLeft UIInterfaceOrientationLandscapeRight";
				INFOPLIST_KEY_UISupportedInterfaceOrientations_iPhone = "UIInterfaceOrientationPortrait UIInterfaceOrientationLandscapeLeft UIInterfaceOrientationLandscapeRight";
				LD_RUNPATH_SEARCH_PATHS = (
					"$(inherited)",
					"@executable_path/Frameworks",
				);
				MARKETING_VERSION = 1.0;
				PRODUCT_BUNDLE_IDENTIFIER = pouyasari.LifeGoesOn;
				PRODUCT_NAME = "$(TARGET_NAME)";
				SWIFT_EMIT_LOC_STRINGS = YES;
				SWIFT_VERSION = 5.0;
				TARGETED_DEVICE_FAMILY = "1,2";
			};
			name = Debug;
		};
		BECD683F2B4DF0D200F8C126 /* Release */ = {
			isa = XCBuildConfiguration;
			buildSettings = {
				ASSETCATALOG_COMPILER_APPICON_NAME = AppIcon;
				ASSETCATALOG_COMPILER_GLOBAL_ACCENT_COLOR_NAME = AccentColor;
				CODE_SIGN_STYLE = Automatic;
				CURRENT_PROJECT_VERSION = 1;
				DEVELOPMENT_ASSET_PATHS = "\"LifeGoesOn/Preview Content\"";
				DEVELOPMENT_TEAM = D6LZWF2S6D;
				ENABLE_PREVIEWS = YES;
				GENERATE_INFOPLIST_FILE = YES;
				INFOPLIST_KEY_UIApplicationSceneManifest_Generation = YES;
				INFOPLIST_KEY_UIApplicationSupportsIndirectInputEvents = YES;
				INFOPLIST_KEY_UILaunchScreen_Generation = YES;
				INFOPLIST_KEY_UISupportedInterfaceOrientations_iPad = "UIInterfaceOrientationPortrait UIInterfaceOrientationPortraitUpsideDown UIInterfaceOrientationLandscapeLeft UIInterfaceOrientationLandscapeRight";
				INFOPLIST_KEY_UISupportedInterfaceOrientations_iPhone = "UIInterfaceOrientationPortrait UIInterfaceOrientationLandscapeLeft UIInterfaceOrientationLandscapeRight";
				LD_RUNPATH_SEARCH_PATHS = (
					"$(inherited)",
					"@executable_path/Frameworks",
				);
				MARKETING_VERSION = 1.0;
				PRODUCT_BUNDLE_IDENTIFIER = pouyasari.LifeGoesOn;
				PRODUCT_NAME = "$(TARGET_NAME)";
				SWIFT_EMIT_LOC_STRINGS = YES;
				SWIFT_VERSION = 5.0;
				TARGETED_DEVICE_FAMILY = "1,2";
			};
			name = Release;
		};
		BECD68412B4DF0D200F8C126 /* Debug */ = {
			isa = XCBuildConfiguration;
			buildSettings = {
				ALWAYS_EMBED_SWIFT_STANDARD_LIBRARIES = YES;
				BUNDLE_LOADER = "$(TEST_HOST)";
				CODE_SIGN_STYLE = Automatic;
				CURRENT_PROJECT_VERSION = 1;
				DEVELOPMENT_TEAM = D6LZWF2S6D;
				GENERATE_INFOPLIST_FILE = YES;
				IPHONEOS_DEPLOYMENT_TARGET = 17.2;
				MARKETING_VERSION = 1.0;
				PRODUCT_BUNDLE_IDENTIFIER = pouyasari.LifeGoesOnTests;
				PRODUCT_NAME = "$(TARGET_NAME)";
				SWIFT_EMIT_LOC_STRINGS = NO;
				SWIFT_VERSION = 5.0;
				TARGETED_DEVICE_FAMILY = "1,2";
				TEST_HOST = "$(BUILT_PRODUCTS_DIR)/LifeGoesOn.app/$(BUNDLE_EXECUTABLE_FOLDER_PATH)/LifeGoesOn";
			};
			name = Debug;
		};
		BECD68422B4DF0D200F8C126 /* Release */ = {
			isa = XCBuildConfiguration;
			buildSettings = {
				ALWAYS_EMBED_SWIFT_STANDARD_LIBRARIES = YES;
				BUNDLE_LOADER = "$(TEST_HOST)";
				CODE_SIGN_STYLE = Automatic;
				CURRENT_PROJECT_VERSION = 1;
				DEVELOPMENT_TEAM = D6LZWF2S6D;
				GENERATE_INFOPLIST_FILE = YES;
				IPHONEOS_DEPLOYMENT_TARGET = 17.2;
				MARKETING_VERSION = 1.0;
				PRODUCT_BUNDLE_IDENTIFIER = pouyasari.LifeGoesOnTests;
				PRODUCT_NAME = "$(TARGET_NAME)";
				SWIFT_EMIT_LOC_STRINGS = NO;
				SWIFT_VERSION = 5.0;
				TARGETED_DEVICE_FAMILY = "1,2";
				TEST_HOST = "$(BUILT_PRODUCTS_DIR)/LifeGoesOn.app/$(BUNDLE_EXECUTABLE_FOLDER_PATH)/LifeGoesOn";
			};
			name = Release;
		};
		BECD68442B4DF0D200F8C126 /* Debug */ = {
			isa = XCBuildConfiguration;
			buildSettings = {
				ALWAYS_EMBED_SWIFT_STANDARD_LIBRARIES = YES;
				CODE_SIGN_STYLE = Automatic;
				CURRENT_PROJECT_VERSION = 1;
				DEVELOPMENT_TEAM = D6LZWF2S6D;
				GENERATE_INFOPLIST_FILE = YES;
				MARKETING_VERSION = 1.0;
				PRODUCT_BUNDLE_IDENTIFIER = pouyasari.LifeGoesOnUITests;
				PRODUCT_NAME = "$(TARGET_NAME)";
				SWIFT_EMIT_LOC_STRINGS = NO;
				SWIFT_VERSION = 5.0;
				TARGETED_DEVICE_FAMILY = "1,2";
				TEST_TARGET_NAME = LifeGoesOn;
			};
			name = Debug;
		};
		BECD68452B4DF0D200F8C126 /* Release */ = {
			isa = XCBuildConfiguration;
			buildSettings = {
				ALWAYS_EMBED_SWIFT_STANDARD_LIBRARIES = YES;
				CODE_SIGN_STYLE = Automatic;
				CURRENT_PROJECT_VERSION = 1;
				DEVELOPMENT_TEAM = D6LZWF2S6D;
				GENERATE_INFOPLIST_FILE = YES;
				MARKETING_VERSION = 1.0;
				PRODUCT_BUNDLE_IDENTIFIER = pouyasari.LifeGoesOnUITests;
				PRODUCT_NAME = "$(TARGET_NAME)";
				SWIFT_EMIT_LOC_STRINGS = NO;
				SWIFT_VERSION = 5.0;
				TARGETED_DEVICE_FAMILY = "1,2";
				TEST_TARGET_NAME = LifeGoesOn;
			};
			name = Release;
		};
/* End XCBuildConfiguration section */

/* Begin XCConfigurationList section */
		BECD68142B4DF0CF00F8C126 /* Build configuration list for PBXProject "LifeGoesOn" */ = {
			isa = XCConfigurationList;
			buildConfigurations = (
				BECD683B2B4DF0D200F8C126 /* Debug */,
				BECD683C2B4DF0D200F8C126 /* Release */,
			);
			defaultConfigurationIsVisible = 0;
			defaultConfigurationName = Release;
		};
		BECD683D2B4DF0D200F8C126 /* Build configuration list for PBXNativeTarget "LifeGoesOn" */ = {
			isa = XCConfigurationList;
			buildConfigurations = (
				BECD683E2B4DF0D200F8C126 /* Debug */,
				BECD683F2B4DF0D200F8C126 /* Release */,
			);
			defaultConfigurationIsVisible = 0;
			defaultConfigurationName = Release;
		};
		BECD68402B4DF0D200F8C126 /* Build configuration list for PBXNativeTarget "LifeGoesOnTests" */ = {
			isa = XCConfigurationList;
			buildConfigurations = (
				BECD68412B4DF0D200F8C126 /* Debug */,
				BECD68422B4DF0D200F8C126 /* Release */,
			);
			defaultConfigurationIsVisible = 0;
			defaultConfigurationName = Release;
		};
		BECD68432B4DF0D200F8C126 /* Build configuration list for PBXNativeTarget "LifeGoesOnUITests" */ = {
			isa = XCConfigurationList;
			buildConfigurations = (
				BECD68442B4DF0D200F8C126 /* Debug */,
				BECD68452B4DF0D200F8C126 /* Release */,
			);
			defaultConfigurationIsVisible = 0;
			defaultConfigurationName = Release;
		};
/* End XCConfigurationList section */
	};
	rootObject = BECD68112B4DF0CF00F8C126 /* Project object */;
}
